
Microsoft Visual Studio Solution File, Format Version 12.00
# Visual Studio Version 17
VisualStudioVersion = 17.1.32210.238
MinimumVisualStudioVersion = 10.0.40219.1
Project("{FAE04EC0-301F-11D3-BF4B-00C04F79EFBC}") = "ClockApp", "ClockApp\ClockApp.csproj", "{28BD7493-D699-4182-8F96-1D5E468AB1C2}"
EndProject
Project("{FAE04EC0-301F-11D3-BF4B-00C04F79EFBC}") = "ClockLib", "ClockLib\ClockLib.csproj", "{9EC0FB92-6498-4480-988E-0649D152417C}"
EndProject
Global
	GlobalSection(SolutionConfigurationPlatforms) = preSolution
		Debug|Any CPU = Debug|Any CPU
		Release|Any CPU = Release|Any CPU
	EndGlobalSection
	GlobalSection(ProjectConfigurationPlatforms) = postSolution
		{28BD7493-D699-4182-8F96-1D5E468AB1C2}.Debug|Any CPU.ActiveCfg = Debug|Any CPU
		{28BD7493-D699-4182-8F96-1D5E468AB1C2}.Debug|Any CPU.Build.0 = Debug|Any CPU
		{28BD7493-D699-4182-8F96-1D5E468AB1C2}.Release|Any CPU.ActiveCfg = Release|Any CPU
		{28BD7493-D699-4182-8F96-1D5E468AB1C2}.Release|Any CPU.Build.0 = Release|Any CPU
		{9EC0FB92-6498-4480-988E-0649D152417C}.Debug|Any CPU.ActiveCfg = Debug|Any CPU
		{9EC0FB92-6498-4480-988E-0649D152417C}.Debug|Any CPU.Build.0 = Debug|Any CPU
		{9EC0FB92-6498-4480-988E-0649D152417C}.Release|Any CPU.ActiveCfg = Release|Any CPU
		{9EC0FB92-6498-4480-988E-0649D152417C}.Release|Any CPU.Build.0 = Release|Any CPU
	EndGlobalSection
	GlobalSection(SolutionProperties) = preSolution
		HideSolutionNode = FALSE
	EndGlobalSection
	GlobalSection(ExtensibilityGlobals) = postSolution
		SolutionGuid = {707AF2D5-F937-4C5B-936E-0C08EFD604BD}
	EndGlobalSection
EndGlobal
